// !$*UTF8*$!
{
	archiveVersion = 1;
	classes = {
	};
	objectVersion = 50;
	objects = {

/* Begin PBXBuildFile section */
		533BC116219C16A0004FDECA /* HomeViewController.swift in Sources */ = {isa = PBXBuildFile; fileRef = 533BC115219C16A0004FDECA /* HomeViewController.swift */; };
		533BC118219C18C2004FDECA /* HomeNavigationController.swift in Sources */ = {isa = PBXBuildFile; fileRef = 533BC117219C18C2004FDECA /* HomeNavigationController.swift */; };
		533BD1E2219EC21000EA44AD /* ChecklistTableViewCell.swift in Sources */ = {isa = PBXBuildFile; fileRef = 533BD1E1219EC20F00EA44AD /* ChecklistTableViewCell.swift */; };
		53400B8D219C2716003F6691 /* HomeCollectionView.swift in Sources */ = {isa = PBXBuildFile; fileRef = 53400B8C219C2716003F6691 /* HomeCollectionView.swift */; };
		5352DF88219A9CD10086B2BE /* AppDelegate.swift in Sources */ = {isa = PBXBuildFile; fileRef = 5352DF87219A9CD10086B2BE /* AppDelegate.swift */; };
		5352DF8D219A9CD10086B2BE /* Dashboard.storyboard in Resources */ = {isa = PBXBuildFile; fileRef = 5352DF8B219A9CD10086B2BE /* Dashboard.storyboard */; };
		5352DF90219A9CD10086B2BE /* DailyChecklist.xcdatamodeld in Sources */ = {isa = PBXBuildFile; fileRef = 5352DF8E219A9CD10086B2BE /* DailyChecklist.xcdatamodeld */; };
		5352DF92219A9CD60086B2BE /* Assets.xcassets in Resources */ = {isa = PBXBuildFile; fileRef = 5352DF91219A9CD60086B2BE /* Assets.xcassets */; };
		5352DF95219A9CD60086B2BE /* LaunchScreen.storyboard in Resources */ = {isa = PBXBuildFile; fileRef = 5352DF93219A9CD60086B2BE /* LaunchScreen.storyboard */; };
		5352DFA0219A9CD60086B2BE /* DailyChecklistTests.swift in Sources */ = {isa = PBXBuildFile; fileRef = 5352DF9F219A9CD60086B2BE /* DailyChecklistTests.swift */; };
		5352DFAB219A9CD60086B2BE /* DailyChecklistUITests.swift in Sources */ = {isa = PBXBuildFile; fileRef = 5352DFAA219A9CD60086B2BE /* DailyChecklistUITests.swift */; };
		5352DFC1219AA59C0086B2BE /* IntroductoryViewController.swift in Sources */ = {isa = PBXBuildFile; fileRef = 5352DFC0219AA59C0086B2BE /* IntroductoryViewController.swift */; };
		5352DFC3219AA6BC0086B2BE /* PaginationCollectionView.swift in Sources */ = {isa = PBXBuildFile; fileRef = 5352DFC2219AA6BC0086B2BE /* PaginationCollectionView.swift */; };
		5352DFC5219ACDCC0086B2BE /* Constants.swift in Sources */ = {isa = PBXBuildFile; fileRef = 5352DFC4219ACDCC0086B2BE /* Constants.swift */; };
		5352DFC7219AD06F0086B2BE /* ExtensionSupport.swift in Sources */ = {isa = PBXBuildFile; fileRef = 5352DFC6219AD06F0086B2BE /* ExtensionSupport.swift */; };
		5352DFC9219AD4AD0086B2BE /* PaginationCell.swift in Sources */ = {isa = PBXBuildFile; fileRef = 5352DFC8219AD4AD0086B2BE /* PaginationCell.swift */; };
		5352DFCB219ADA360086B2BE /* CellImageView.swift in Sources */ = {isa = PBXBuildFile; fileRef = 5352DFCA219ADA360086B2BE /* CellImageView.swift */; };
		5352DFCD219AF33F0086B2BE /* CellTextView.swift in Sources */ = {isa = PBXBuildFile; fileRef = 5352DFCC219AF33F0086B2BE /* CellTextView.swift */; };
		5352DFCF219AF6B90086B2BE /* Page.swift in Sources */ = {isa = PBXBuildFile; fileRef = 5352DFCE219AF6B90086B2BE /* Page.swift */; };
		5356FEB1219D70C90064FF27 /* ChecklistItems.swift in Sources */ = {isa = PBXBuildFile; fileRef = 5356FEB0219D70C90064FF27 /* ChecklistItems.swift */; };
		5356FEC8219D95A40064FF27 /* HomeCVCell.swift in Sources */ = {isa = PBXBuildFile; fileRef = 5356FEC6219D95A40064FF27 /* HomeCVCell.swift */; };
		5356FECF219D9A270064FF27 /* ChecklistBoard.storyboard in Resources */ = {isa = PBXBuildFile; fileRef = 5356FECE219D9A270064FF27 /* ChecklistBoard.storyboard */; };
		5356FED1219D9AE40064FF27 /* ChecklistViewController.swift in Sources */ = {isa = PBXBuildFile; fileRef = 5356FED0219D9AE40064FF27 /* ChecklistViewController.swift */; };
		536382C521B4EE9C008DA8E3 /* CoreDataOperations.swift in Sources */ = {isa = PBXBuildFile; fileRef = 536382C421B4EE9C008DA8E3 /* CoreDataOperations.swift */; };
		536382C721B50A15008DA8E3 /* NoChecklistView.swift in Sources */ = {isa = PBXBuildFile; fileRef = 536382C621B50A15008DA8E3 /* NoChecklistView.swift */; };
		536382C921B52F6C008DA8E3 /* NewChecklistViewController.swift in Sources */ = {isa = PBXBuildFile; fileRef = 536382C821B52F6C008DA8E3 /* NewChecklistViewController.swift */; };
		536382CB21B5378D008DA8E3 /* NewChecklistTableViewCell.swift in Sources */ = {isa = PBXBuildFile; fileRef = 536382CA21B5378D008DA8E3 /* NewChecklistTableViewCell.swift */; };
		53715F6A21B0F99400EC97C9 /* TaskStatusView.swift in Sources */ = {isa = PBXBuildFile; fileRef = 53715F6921B0F99400EC97C9 /* TaskStatusView.swift */; };
		53715F6C21B1364600EC97C9 /* AddMoreTableViewCell.swift in Sources */ = {isa = PBXBuildFile; fileRef = 53715F6B21B1364600EC97C9 /* AddMoreTableViewCell.swift */; };
/* End PBXBuildFile section */

/* Begin PBXContainerItemProxy section */
		5352DF9C219A9CD60086B2BE /* PBXContainerItemProxy */ = {
			isa = PBXContainerItemProxy;
			containerPortal = 5352DF7C219A9CD10086B2BE /* Project object */;
			proxyType = 1;
			remoteGlobalIDString = 5352DF83219A9CD10086B2BE;
			remoteInfo = DailyChecklist;
		};
		5352DFA7219A9CD60086B2BE /* PBXContainerItemProxy */ = {
			isa = PBXContainerItemProxy;
			containerPortal = 5352DF7C219A9CD10086B2BE /* Project object */;
			proxyType = 1;
			remoteGlobalIDString = 5352DF83219A9CD10086B2BE;
			remoteInfo = DailyChecklist;
		};
/* End PBXContainerItemProxy section */

/* Begin PBXFileReference section */
		533BC115219C16A0004FDECA /* HomeViewController.swift */ = {isa = PBXFileReference; lastKnownFileType = sourcecode.swift; path = HomeViewController.swift; sourceTree = "<group>"; };
		533BC117219C18C2004FDECA /* HomeNavigationController.swift */ = {isa = PBXFileReference; lastKnownFileType = sourcecode.swift; path = HomeNavigationController.swift; sourceTree = "<group>"; };
		533BD1E1219EC20F00EA44AD /* ChecklistTableViewCell.swift */ = {isa = PBXFileReference; lastKnownFileType = sourcecode.swift; path = ChecklistTableViewCell.swift; sourceTree = "<group>"; };
		53400B8C219C2716003F6691 /* HomeCollectionView.swift */ = {isa = PBXFileReference; lastKnownFileType = sourcecode.swift; path = HomeCollectionView.swift; sourceTree = "<group>"; };
		5352DF84219A9CD10086B2BE /* DailyChecklist.app */ = {isa = PBXFileReference; explicitFileType = wrapper.application; includeInIndex = 0; path = DailyChecklist.app; sourceTree = BUILT_PRODUCTS_DIR; };
		5352DF87219A9CD10086B2BE /* AppDelegate.swift */ = {isa = PBXFileReference; lastKnownFileType = sourcecode.swift; path = AppDelegate.swift; sourceTree = "<group>"; };
		5352DF8C219A9CD10086B2BE /* Base */ = {isa = PBXFileReference; lastKnownFileType = file.storyboard; name = Base; path = Base.lproj/Dashboard.storyboard; sourceTree = "<group>"; };
		5352DF8F219A9CD10086B2BE /* DailyChecklist.xcdatamodel */ = {isa = PBXFileReference; lastKnownFileType = wrapper.xcdatamodel; path = DailyChecklist.xcdatamodel; sourceTree = "<group>"; };
		5352DF91219A9CD60086B2BE /* Assets.xcassets */ = {isa = PBXFileReference; lastKnownFileType = folder.assetcatalog; path = Assets.xcassets; sourceTree = "<group>"; };
		5352DF94219A9CD60086B2BE /* Base */ = {isa = PBXFileReference; lastKnownFileType = file.storyboard; name = Base; path = Base.lproj/LaunchScreen.storyboard; sourceTree = "<group>"; };
		5352DF96219A9CD60086B2BE /* Info.plist */ = {isa = PBXFileReference; lastKnownFileType = text.plist.xml; path = Info.plist; sourceTree = "<group>"; };
		5352DF9B219A9CD60086B2BE /* DailyChecklistTests.xctest */ = {isa = PBXFileReference; explicitFileType = wrapper.cfbundle; includeInIndex = 0; path = DailyChecklistTests.xctest; sourceTree = BUILT_PRODUCTS_DIR; };
		5352DF9F219A9CD60086B2BE /* DailyChecklistTests.swift */ = {isa = PBXFileReference; lastKnownFileType = sourcecode.swift; path = DailyChecklistTests.swift; sourceTree = "<group>"; };
		5352DFA1219A9CD60086B2BE /* Info.plist */ = {isa = PBXFileReference; lastKnownFileType = text.plist.xml; path = Info.plist; sourceTree = "<group>"; };
		5352DFA6219A9CD60086B2BE /* DailyChecklistUITests.xctest */ = {isa = PBXFileReference; explicitFileType = wrapper.cfbundle; includeInIndex = 0; path = DailyChecklistUITests.xctest; sourceTree = BUILT_PRODUCTS_DIR; };
		5352DFAA219A9CD60086B2BE /* DailyChecklistUITests.swift */ = {isa = PBXFileReference; lastKnownFileType = sourcecode.swift; path = DailyChecklistUITests.swift; sourceTree = "<group>"; };
		5352DFAC219A9CD60086B2BE /* Info.plist */ = {isa = PBXFileReference; lastKnownFileType = text.plist.xml; path = Info.plist; sourceTree = "<group>"; };
		5352DFC0219AA59C0086B2BE /* IntroductoryViewController.swift */ = {isa = PBXFileReference; lastKnownFileType = sourcecode.swift; path = IntroductoryViewController.swift; sourceTree = "<group>"; };
		5352DFC2219AA6BC0086B2BE /* PaginationCollectionView.swift */ = {isa = PBXFileReference; lastKnownFileType = sourcecode.swift; path = PaginationCollectionView.swift; sourceTree = "<group>"; };
		5352DFC4219ACDCC0086B2BE /* Constants.swift */ = {isa = PBXFileReference; lastKnownFileType = sourcecode.swift; path = Constants.swift; sourceTree = "<group>"; };
		5352DFC6219AD06F0086B2BE /* ExtensionSupport.swift */ = {isa = PBXFileReference; lastKnownFileType = sourcecode.swift; path = ExtensionSupport.swift; sourceTree = "<group>"; };
		5352DFC8219AD4AD0086B2BE /* PaginationCell.swift */ = {isa = PBXFileReference; lastKnownFileType = sourcecode.swift; path = PaginationCell.swift; sourceTree = "<group>"; };
		5352DFCA219ADA360086B2BE /* CellImageView.swift */ = {isa = PBXFileReference; lastKnownFileType = sourcecode.swift; path = CellImageView.swift; sourceTree = "<group>"; };
		5352DFCC219AF33F0086B2BE /* CellTextView.swift */ = {isa = PBXFileReference; lastKnownFileType = sourcecode.swift; path = CellTextView.swift; sourceTree = "<group>"; };
		5352DFCE219AF6B90086B2BE /* Page.swift */ = {isa = PBXFileReference; lastKnownFileType = sourcecode.swift; path = Page.swift; sourceTree = "<group>"; };
		5356FEB0219D70C90064FF27 /* ChecklistItems.swift */ = {isa = PBXFileReference; lastKnownFileType = sourcecode.swift; path = ChecklistItems.swift; sourceTree = "<group>"; };
		5356FEC6219D95A40064FF27 /* HomeCVCell.swift */ = {isa = PBXFileReference; lastKnownFileType = sourcecode.swift; path = HomeCVCell.swift; sourceTree = "<group>"; };
		5356FECE219D9A270064FF27 /* ChecklistBoard.storyboard */ = {isa = PBXFileReference; lastKnownFileType = file.storyboard; path = ChecklistBoard.storyboard; sourceTree = "<group>"; };
		5356FED0219D9AE40064FF27 /* ChecklistViewController.swift */ = {isa = PBXFileReference; lastKnownFileType = sourcecode.swift; path = ChecklistViewController.swift; sourceTree = "<group>"; };
		536382C421B4EE9C008DA8E3 /* CoreDataOperations.swift */ = {isa = PBXFileReference; lastKnownFileType = sourcecode.swift; path = CoreDataOperations.swift; sourceTree = "<group>"; };
		536382C621B50A15008DA8E3 /* NoChecklistView.swift */ = {isa = PBXFileReference; lastKnownFileType = sourcecode.swift; path = NoChecklistView.swift; sourceTree = "<group>"; };
		536382C821B52F6C008DA8E3 /* NewChecklistViewController.swift */ = {isa = PBXFileReference; lastKnownFileType = sourcecode.swift; path = NewChecklistViewController.swift; sourceTree = "<group>"; };
		536382CA21B5378D008DA8E3 /* NewChecklistTableViewCell.swift */ = {isa = PBXFileReference; lastKnownFileType = sourcecode.swift; path = NewChecklistTableViewCell.swift; sourceTree = "<group>"; };
		53715F6921B0F99400EC97C9 /* TaskStatusView.swift */ = {isa = PBXFileReference; lastKnownFileType = sourcecode.swift; path = TaskStatusView.swift; sourceTree = "<group>"; };
		53715F6B21B1364600EC97C9 /* AddMoreTableViewCell.swift */ = {isa = PBXFileReference; lastKnownFileType = sourcecode.swift; path = AddMoreTableViewCell.swift; sourceTree = "<group>"; };
/* End PBXFileReference section */

/* Begin PBXFrameworksBuildPhase section */
		5352DF81219A9CD10086B2BE /* Frameworks */ = {
			isa = PBXFrameworksBuildPhase;
			buildActionMask = 2147483647;
			files = (
			);
			runOnlyForDeploymentPostprocessing = 0;
		};
		5352DF98219A9CD60086B2BE /* Frameworks */ = {
			isa = PBXFrameworksBuildPhase;
			buildActionMask = 2147483647;
			files = (
			);
			runOnlyForDeploymentPostprocessing = 0;
		};
		5352DFA3219A9CD60086B2BE /* Frameworks */ = {
			isa = PBXFrameworksBuildPhase;
			buildActionMask = 2147483647;
			files = (
			);
			runOnlyForDeploymentPostprocessing = 0;
		};
/* End PBXFrameworksBuildPhase section */

/* Begin PBXGroup section */
		533BC10F219BF626004FDECA /* FirstTimeInstallation */ = {
			isa = PBXGroup;
			children = (
				5352DFCE219AF6B90086B2BE /* Page.swift */,
			);
			path = FirstTimeInstallation;
			sourceTree = "<group>";
		};
		533BC110219BF64C004FDECA /* FirstTimeInstallation */ = {
			isa = PBXGroup;
			children = (
				5352DFC2219AA6BC0086B2BE /* PaginationCollectionView.swift */,
				5352DFC8219AD4AD0086B2BE /* PaginationCell.swift */,
				5352DFCA219ADA360086B2BE /* CellImageView.swift */,
				5352DFCC219AF33F0086B2BE /* CellTextView.swift */,
			);
			path = FirstTimeInstallation;
			sourceTree = "<group>";
		};
		533BC111219BF665004FDECA /* FirstTimeInstallation */ = {
			isa = PBXGroup;
			children = (
				5352DFC0219AA59C0086B2BE /* IntroductoryViewController.swift */,
			);
			path = FirstTimeInstallation;
			sourceTree = "<group>";
		};
		533BC112219C1665004FDECA /* Home */ = {
			isa = PBXGroup;
			children = (
				5356FEB0219D70C90064FF27 /* ChecklistItems.swift */,
			);
			path = Home;
			sourceTree = "<group>";
		};
		533BC113219C1674004FDECA /* Home */ = {
			isa = PBXGroup;
			children = (
				53400B8C219C2716003F6691 /* HomeCollectionView.swift */,
				5356FEC6219D95A40064FF27 /* HomeCVCell.swift */,
				536382C621B50A15008DA8E3 /* NoChecklistView.swift */,
			);
			path = Home;
			sourceTree = "<group>";
		};
		533BC114219C1679004FDECA /* Home */ = {
			isa = PBXGroup;
			children = (
				533BC117219C18C2004FDECA /* HomeNavigationController.swift */,
				533BC115219C16A0004FDECA /* HomeViewController.swift */,
			);
			path = Home;
			sourceTree = "<group>";
		};
		5352DF7B219A9CD10086B2BE = {
			isa = PBXGroup;
			children = (
				5352DF86219A9CD10086B2BE /* DailyChecklist */,
				5352DF9E219A9CD60086B2BE /* DailyChecklistTests */,
				5352DFA9219A9CD60086B2BE /* DailyChecklistUITests */,
				5352DF85219A9CD10086B2BE /* Products */,
			);
			sourceTree = "<group>";
		};
		5352DF85219A9CD10086B2BE /* Products */ = {
			isa = PBXGroup;
			children = (
				5352DF84219A9CD10086B2BE /* DailyChecklist.app */,
				5352DF9B219A9CD60086B2BE /* DailyChecklistTests.xctest */,
				5352DFA6219A9CD60086B2BE /* DailyChecklistUITests.xctest */,
			);
			name = Products;
			sourceTree = "<group>";
		};
		5352DF86219A9CD10086B2BE /* DailyChecklist */ = {
			isa = PBXGroup;
			children = (
				5352DFB9219A9CF60086B2BE /* Global */,
				5352DFBC219A9FB00086B2BE /* Dashboard */,
				5356FECA219D987B0064FF27 /* Checklist Board */,
				5352DFBA219A9D050086B2BE /* Supporting FIles */,
			);
			path = DailyChecklist;
			sourceTree = "<group>";
		};
		5352DF9E219A9CD60086B2BE /* DailyChecklistTests */ = {
			isa = PBXGroup;
			children = (
				5352DF9F219A9CD60086B2BE /* DailyChecklistTests.swift */,
				5352DFA1219A9CD60086B2BE /* Info.plist */,
			);
			path = DailyChecklistTests;
			sourceTree = "<group>";
		};
		5352DFA9219A9CD60086B2BE /* DailyChecklistUITests */ = {
			isa = PBXGroup;
			children = (
				5352DFAA219A9CD60086B2BE /* DailyChecklistUITests.swift */,
				5352DFAC219A9CD60086B2BE /* Info.plist */,
			);
			path = DailyChecklistUITests;
			sourceTree = "<group>";
		};
		5352DFB9219A9CF60086B2BE /* Global */ = {
			isa = PBXGroup;
			children = (
				5352DF87219A9CD10086B2BE /* AppDelegate.swift */,
				5352DFC4219ACDCC0086B2BE /* Constants.swift */,
				5352DFC6219AD06F0086B2BE /* ExtensionSupport.swift */,
			);
			path = Global;
			sourceTree = "<group>";
		};
		5352DFBA219A9D050086B2BE /* Supporting FIles */ = {
			isa = PBXGroup;
			children = (
				5352DF93219A9CD60086B2BE /* LaunchScreen.storyboard */,
				5352DF91219A9CD60086B2BE /* Assets.xcassets */,
				5352DF96219A9CD60086B2BE /* Info.plist */,
				5352DF8E219A9CD10086B2BE /* DailyChecklist.xcdatamodeld */,
			);
			path = "Supporting FIles";
			sourceTree = "<group>";
		};
		5352DFBC219A9FB00086B2BE /* Dashboard */ = {
			isa = PBXGroup;
			children = (
				5352DF8B219A9CD10086B2BE /* Dashboard.storyboard */,
				5352DFBD219A9FEF0086B2BE /* Model */,
				5352DFBE219A9FF70086B2BE /* View */,
				5352DFBF219A9FFD0086B2BE /* Controller */,
			);
			path = Dashboard;
			sourceTree = "<group>";
		};
		5352DFBD219A9FEF0086B2BE /* Model */ = {
			isa = PBXGroup;
			children = (
				533BC112219C1665004FDECA /* Home */,
				533BC10F219BF626004FDECA /* FirstTimeInstallation */,
			);
			path = Model;
			sourceTree = "<group>";
		};
		5352DFBE219A9FF70086B2BE /* View */ = {
			isa = PBXGroup;
			children = (
				533BC113219C1674004FDECA /* Home */,
				533BC110219BF64C004FDECA /* FirstTimeInstallation */,
			);
			path = View;
			sourceTree = "<group>";
		};
		5352DFBF219A9FFD0086B2BE /* Controller */ = {
			isa = PBXGroup;
			children = (
				533BC114219C1679004FDECA /* Home */,
				533BC111219BF665004FDECA /* FirstTimeInstallation */,
			);
			path = Controller;
			sourceTree = "<group>";
		};
		5356FECA219D987B0064FF27 /* Checklist Board */ = {
			isa = PBXGroup;
			children = (
				5356FECE219D9A270064FF27 /* ChecklistBoard.storyboard */,
				5356FECD219D99850064FF27 /* Model */,
				5356FECC219D99810064FF27 /* View */,
				5356FECB219D997B0064FF27 /* Controller */,
				536382C321B4EC44008DA8E3 /* Database */,
			);
			path = "Checklist Board";
			sourceTree = "<group>";
		};
		5356FECB219D997B0064FF27 /* Controller */ = {
			isa = PBXGroup;
			children = (
				5356FED0219D9AE40064FF27 /* ChecklistViewController.swift */,
				536382C821B52F6C008DA8E3 /* NewChecklistViewController.swift */,
			);
			path = Controller;
			sourceTree = "<group>";
		};
		5356FECC219D99810064FF27 /* View */ = {
			isa = PBXGroup;
			children = (
				533BD1E1219EC20F00EA44AD /* ChecklistTableViewCell.swift */,
				53715F6B21B1364600EC97C9 /* AddMoreTableViewCell.swift */,
				536382CA21B5378D008DA8E3 /* NewChecklistTableViewCell.swift */,
				53715F6921B0F99400EC97C9 /* TaskStatusView.swift */,
			);
			path = View;
			sourceTree = "<group>";
		};
		5356FECD219D99850064FF27 /* Model */ = {
			isa = PBXGroup;
			children = (
			);
			path = Model;
			sourceTree = "<group>";
		};
		536382C321B4EC44008DA8E3 /* Database */ = {
			isa = PBXGroup;
			children = (
				536382C421B4EE9C008DA8E3 /* CoreDataOperations.swift */,
			);
			path = Database;
			sourceTree = "<group>";
		};
/* End PBXGroup section */

/* Begin PBXNativeTarget section */
		5352DF83219A9CD10086B2BE /* DailyChecklist */ = {
			isa = PBXNativeTarget;
			buildConfigurationList = 5352DFAF219A9CD60086B2BE /* Build configuration list for PBXNativeTarget "DailyChecklist" */;
			buildPhases = (
				5352DF80219A9CD10086B2BE /* Sources */,
				5352DF81219A9CD10086B2BE /* Frameworks */,
				5352DF82219A9CD10086B2BE /* Resources */,
			);
			buildRules = (
			);
			dependencies = (
			);
			name = DailyChecklist;
			productName = DailyChecklist;
			productReference = 5352DF84219A9CD10086B2BE /* DailyChecklist.app */;
			productType = "com.apple.product-type.application";
		};
		5352DF9A219A9CD60086B2BE /* DailyChecklistTests */ = {
			isa = PBXNativeTarget;
			buildConfigurationList = 5352DFB2219A9CD60086B2BE /* Build configuration list for PBXNativeTarget "DailyChecklistTests" */;
			buildPhases = (
				5352DF97219A9CD60086B2BE /* Sources */,
				5352DF98219A9CD60086B2BE /* Frameworks */,
				5352DF99219A9CD60086B2BE /* Resources */,
			);
			buildRules = (
			);
			dependencies = (
				5352DF9D219A9CD60086B2BE /* PBXTargetDependency */,
			);
			name = DailyChecklistTests;
			productName = DailyChecklistTests;
			productReference = 5352DF9B219A9CD60086B2BE /* DailyChecklistTests.xctest */;
			productType = "com.apple.product-type.bundle.unit-test";
		};
		5352DFA5219A9CD60086B2BE /* DailyChecklistUITests */ = {
			isa = PBXNativeTarget;
			buildConfigurationList = 5352DFB5219A9CD60086B2BE /* Build configuration list for PBXNativeTarget "DailyChecklistUITests" */;
			buildPhases = (
				5352DFA2219A9CD60086B2BE /* Sources */,
				5352DFA3219A9CD60086B2BE /* Frameworks */,
				5352DFA4219A9CD60086B2BE /* Resources */,
			);
			buildRules = (
			);
			dependencies = (
				5352DFA8219A9CD60086B2BE /* PBXTargetDependency */,
			);
			name = DailyChecklistUITests;
			productName = DailyChecklistUITests;
			productReference = 5352DFA6219A9CD60086B2BE /* DailyChecklistUITests.xctest */;
			productType = "com.apple.product-type.bundle.ui-testing";
		};
/* End PBXNativeTarget section */

/* Begin PBXProject section */
		5352DF7C219A9CD10086B2BE /* Project object */ = {
			isa = PBXProject;
			attributes = {
				LastSwiftUpdateCheck = 1010;
				LastUpgradeCheck = 1010;
				ORGANIZATIONNAME = "Shubham Bakshi";
				TargetAttributes = {
					5352DF83219A9CD10086B2BE = {
						CreatedOnToolsVersion = 10.1;
					};
					5352DF9A219A9CD60086B2BE = {
						CreatedOnToolsVersion = 10.1;
						TestTargetID = 5352DF83219A9CD10086B2BE;
					};
					5352DFA5219A9CD60086B2BE = {
						CreatedOnToolsVersion = 10.1;
						TestTargetID = 5352DF83219A9CD10086B2BE;
					};
				};
			};
			buildConfigurationList = 5352DF7F219A9CD10086B2BE /* Build configuration list for PBXProject "DailyChecklist" */;
			compatibilityVersion = "Xcode 9.3";
			developmentRegion = en;
			hasScannedForEncodings = 0;
			knownRegions = (
				en,
				Base,
			);
			mainGroup = 5352DF7B219A9CD10086B2BE;
			productRefGroup = 5352DF85219A9CD10086B2BE /* Products */;
			projectDirPath = "";
			projectRoot = "";
			targets = (
				5352DF83219A9CD10086B2BE /* DailyChecklist */,
				5352DF9A219A9CD60086B2BE /* DailyChecklistTests */,
				5352DFA5219A9CD60086B2BE /* DailyChecklistUITests */,
			);
		};
/* End PBXProject section */

/* Begin PBXResourcesBuildPhase section */
		5352DF82219A9CD10086B2BE /* Resources */ = {
			isa = PBXResourcesBuildPhase;
			buildActionMask = 2147483647;
			files = (
				5352DF95219A9CD60086B2BE /* LaunchScreen.storyboard in Resources */,
				5352DF92219A9CD60086B2BE /* Assets.xcassets in Resources */,
				5356FECF219D9A270064FF27 /* ChecklistBoard.storyboard in Resources */,
				5352DF8D219A9CD10086B2BE /* Dashboard.storyboard in Resources */,
			);
			runOnlyForDeploymentPostprocessing = 0;
		};
		5352DF99219A9CD60086B2BE /* Resources */ = {
			isa = PBXResourcesBuildPhase;
			buildActionMask = 2147483647;
			files = (
			);
			runOnlyForDeploymentPostprocessing = 0;
		};
		5352DFA4219A9CD60086B2BE /* Resources */ = {
			isa = PBXResourcesBuildPhase;
			buildActionMask = 2147483647;
			files = (
			);
			runOnlyForDeploymentPostprocessing = 0;
		};
/* End PBXResourcesBuildPhase section */

/* Begin PBXSourcesBuildPhase section */
		5352DF80219A9CD10086B2BE /* Sources */ = {
			isa = PBXSourcesBuildPhase;
			buildActionMask = 2147483647;
			files = (
				5352DFC5219ACDCC0086B2BE /* Constants.swift in Sources */,
				536382CB21B5378D008DA8E3 /* NewChecklistTableViewCell.swift in Sources */,
				5356FED1219D9AE40064FF27 /* ChecklistViewController.swift in Sources */,
				536382C721B50A15008DA8E3 /* NoChecklistView.swift in Sources */,
				536382C921B52F6C008DA8E3 /* NewChecklistViewController.swift in Sources */,
				53715F6A21B0F99400EC97C9 /* TaskStatusView.swift in Sources */,
				5352DFC1219AA59C0086B2BE /* IntroductoryViewController.swift in Sources */,
				536382C521B4EE9C008DA8E3 /* CoreDataOperations.swift in Sources */,
				53715F6C21B1364600EC97C9 /* AddMoreTableViewCell.swift in Sources */,
				5352DF88219A9CD10086B2BE /* AppDelegate.swift in Sources */,
				5352DFC9219AD4AD0086B2BE /* PaginationCell.swift in Sources */,
				5352DFCF219AF6B90086B2BE /* Page.swift in Sources */,
				5352DFCB219ADA360086B2BE /* CellImageView.swift in Sources */,
				5352DFC3219AA6BC0086B2BE /* PaginationCollectionView.swift in Sources */,
				533BC116219C16A0004FDECA /* HomeViewController.swift in Sources */,
				5356FEC8219D95A40064FF27 /* HomeCVCell.swift in Sources */,
				5352DF90219A9CD10086B2BE /* DailyChecklist.xcdatamodeld in Sources */,
				5356FEB1219D70C90064FF27 /* ChecklistItems.swift in Sources */,
				5352DFC7219AD06F0086B2BE /* ExtensionSupport.swift in Sources */,
				533BC118219C18C2004FDECA /* HomeNavigationController.swift in Sources */,
				5352DFCD219AF33F0086B2BE /* CellTextView.swift in Sources */,
				533BD1E2219EC21000EA44AD /* ChecklistTableViewCell.swift in Sources */,
				53400B8D219C2716003F6691 /* HomeCollectionView.swift in Sources */,
			);
			runOnlyForDeploymentPostprocessing = 0;
		};
		5352DF97219A9CD60086B2BE /* Sources */ = {
			isa = PBXSourcesBuildPhase;
			buildActionMask = 2147483647;
			files = (
				5352DFA0219A9CD60086B2BE /* DailyChecklistTests.swift in Sources */,
			);
			runOnlyForDeploymentPostprocessing = 0;
		};
		5352DFA2219A9CD60086B2BE /* Sources */ = {
			isa = PBXSourcesBuildPhase;
			buildActionMask = 2147483647;
			files = (
				5352DFAB219A9CD60086B2BE /* DailyChecklistUITests.swift in Sources */,
			);
			runOnlyForDeploymentPostprocessing = 0;
		};
/* End PBXSourcesBuildPhase section */

/* Begin PBXTargetDependency section */
		5352DF9D219A9CD60086B2BE /* PBXTargetDependency */ = {
			isa = PBXTargetDependency;
			target = 5352DF83219A9CD10086B2BE /* DailyChecklist */;
			targetProxy = 5352DF9C219A9CD60086B2BE /* PBXContainerItemProxy */;
		};
		5352DFA8219A9CD60086B2BE /* PBXTargetDependency */ = {
			isa = PBXTargetDependency;
			target = 5352DF83219A9CD10086B2BE /* DailyChecklist */;
			targetProxy = 5352DFA7219A9CD60086B2BE /* PBXContainerItemProxy */;
		};
/* End PBXTargetDependency section */

/* Begin PBXVariantGroup section */
		5352DF8B219A9CD10086B2BE /* Dashboard.storyboard */ = {
			isa = PBXVariantGroup;
			children = (
				5352DF8C219A9CD10086B2BE /* Base */,
			);
			name = Dashboard.storyboard;
			sourceTree = "<group>";
		};
		5352DF93219A9CD60086B2BE /* LaunchScreen.storyboard */ = {
			isa = PBXVariantGroup;
			children = (
				5352DF94219A9CD60086B2BE /* Base */,
			);
			name = LaunchScreen.storyboard;
			sourceTree = "<group>";
		};
/* End PBXVariantGroup section */

/* Begin XCBuildConfiguration section */
		5352DFAD219A9CD60086B2BE /* Debug */ = {
			isa = XCBuildConfiguration;
			buildSettings = {
				ALWAYS_SEARCH_USER_PATHS = NO;
				CLANG_ANALYZER_NONNULL = YES;
				CLANG_ANALYZER_NUMBER_OBJECT_CONVERSION = YES_AGGRESSIVE;
				CLANG_CXX_LANGUAGE_STANDARD = "gnu++14";
				CLANG_CXX_LIBRARY = "libc++";
				CLANG_ENABLE_MODULES = YES;
				CLANG_ENABLE_OBJC_ARC = YES;
				CLANG_ENABLE_OBJC_WEAK = YES;
				CLANG_WARN_BLOCK_CAPTURE_AUTORELEASING = YES;
				CLANG_WARN_BOOL_CONVERSION = YES;
				CLANG_WARN_COMMA = YES;
				CLANG_WARN_CONSTANT_CONVERSION = YES;
				CLANG_WARN_DEPRECATED_OBJC_IMPLEMENTATIONS = YES;
				CLANG_WARN_DIRECT_OBJC_ISA_USAGE = YES_ERROR;
				CLANG_WARN_DOCUMENTATION_COMMENTS = YES;
				CLANG_WARN_EMPTY_BODY = YES;
				CLANG_WARN_ENUM_CONVERSION = YES;
				CLANG_WARN_INFINITE_RECURSION = YES;
				CLANG_WARN_INT_CONVERSION = YES;
				CLANG_WARN_NON_LITERAL_NULL_CONVERSION = YES;
				CLANG_WARN_OBJC_IMPLICIT_RETAIN_SELF = YES;
				CLANG_WARN_OBJC_LITERAL_CONVERSION = YES;
				CLANG_WARN_OBJC_ROOT_CLASS = YES_ERROR;
				CLANG_WARN_RANGE_LOOP_ANALYSIS = YES;
				CLANG_WARN_STRICT_PROTOTYPES = YES;
				CLANG_WARN_SUSPICIOUS_MOVE = YES;
				CLANG_WARN_UNGUARDED_AVAILABILITY = YES_AGGRESSIVE;
				CLANG_WARN_UNREACHABLE_CODE = YES;
				CLANG_WARN__DUPLICATE_METHOD_MATCH = YES;
				CODE_SIGN_IDENTITY = "iPhone Developer";
				COPY_PHASE_STRIP = NO;
				DEBUG_INFORMATION_FORMAT = dwarf;
				ENABLE_STRICT_OBJC_MSGSEND = YES;
				ENABLE_TESTABILITY = YES;
				GCC_C_LANGUAGE_STANDARD = gnu11;
				GCC_DYNAMIC_NO_PIC = NO;
				GCC_NO_COMMON_BLOCKS = YES;
				GCC_OPTIMIZATION_LEVEL = 0;
				GCC_PREPROCESSOR_DEFINITIONS = (
					"DEBUG=1",
					"$(inherited)",
				);
				GCC_WARN_64_TO_32_BIT_CONVERSION = YES;
				GCC_WARN_ABOUT_RETURN_TYPE = YES_ERROR;
				GCC_WARN_UNDECLARED_SELECTOR = YES;
				GCC_WARN_UNINITIALIZED_AUTOS = YES_AGGRESSIVE;
				GCC_WARN_UNUSED_FUNCTION = YES;
				GCC_WARN_UNUSED_VARIABLE = YES;
				IPHONEOS_DEPLOYMENT_TARGET = 12.1;
				MTL_ENABLE_DEBUG_INFO = INCLUDE_SOURCE;
				MTL_FAST_MATH = YES;
				ONLY_ACTIVE_ARCH = YES;
				SDKROOT = iphoneos;
				SWIFT_ACTIVE_COMPILATION_CONDITIONS = DEBUG;
				SWIFT_OPTIMIZATION_LEVEL = "-Onone";
			};
			name = Debug;
		};
		5352DFAE219A9CD60086B2BE /* Release */ = {
			isa = XCBuildConfiguration;
			buildSettings = {
				ALWAYS_SEARCH_USER_PATHS = NO;
				CLANG_ANALYZER_NONNULL = YES;
				CLANG_ANALYZER_NUMBER_OBJECT_CONVERSION = YES_AGGRESSIVE;
				CLANG_CXX_LANGUAGE_STANDARD = "gnu++14";
				CLANG_CXX_LIBRARY = "libc++";
				CLANG_ENABLE_MODULES = YES;
				CLANG_ENABLE_OBJC_ARC = YES;
				CLANG_ENABLE_OBJC_WEAK = YES;
				CLANG_WARN_BLOCK_CAPTURE_AUTORELEASING = YES;
				CLANG_WARN_BOOL_CONVERSION = YES;
				CLANG_WARN_COMMA = YES;
				CLANG_WARN_CONSTANT_CONVERSION = YES;
				CLANG_WARN_DEPRECATED_OBJC_IMPLEMENTATIONS = YES;
				CLANG_WARN_DIRECT_OBJC_ISA_USAGE = YES_ERROR;
				CLANG_WARN_DOCUMENTATION_COMMENTS = YES;
				CLANG_WARN_EMPTY_BODY = YES;
				CLANG_WARN_ENUM_CONVERSION = YES;
				CLANG_WARN_INFINITE_RECURSION = YES;
				CLANG_WARN_INT_CONVERSION = YES;
				CLANG_WARN_NON_LITERAL_NULL_CONVERSION = YES;
				CLANG_WARN_OBJC_IMPLICIT_RETAIN_SELF = YES;
				CLANG_WARN_OBJC_LITERAL_CONVERSION = YES;
				CLANG_WARN_OBJC_ROOT_CLASS = YES_ERROR;
				CLANG_WARN_RANGE_LOOP_ANALYSIS = YES;
				CLANG_WARN_STRICT_PROTOTYPES = YES;
				CLANG_WARN_SUSPICIOUS_MOVE = YES;
				CLANG_WARN_UNGUARDED_AVAILABILITY = YES_AGGRESSIVE;
				CLANG_WARN_UNREACHABLE_CODE = YES;
				CLANG_WARN__DUPLICATE_METHOD_MATCH = YES;
				CODE_SIGN_IDENTITY = "iPhone Developer";
				COPY_PHASE_STRIP = NO;
				DEBUG_INFORMATION_FORMAT = "dwarf-with-dsym";
				ENABLE_NS_ASSERTIONS = NO;
				ENABLE_STRICT_OBJC_MSGSEND = YES;
				GCC_C_LANGUAGE_STANDARD = gnu11;
				GCC_NO_COMMON_BLOCKS = YES;
				GCC_WARN_64_TO_32_BIT_CONVERSION = YES;
				GCC_WARN_ABOUT_RETURN_TYPE = YES_ERROR;
				GCC_WARN_UNDECLARED_SELECTOR = YES;
				GCC_WARN_UNINITIALIZED_AUTOS = YES_AGGRESSIVE;
				GCC_WARN_UNUSED_FUNCTION = YES;
				GCC_WARN_UNUSED_VARIABLE = YES;
				IPHONEOS_DEPLOYMENT_TARGET = 12.1;
				MTL_ENABLE_DEBUG_INFO = NO;
				MTL_FAST_MATH = YES;
				SDKROOT = iphoneos;
				SWIFT_COMPILATION_MODE = wholemodule;
				SWIFT_OPTIMIZATION_LEVEL = "-O";
				VALIDATE_PRODUCT = YES;
			};
			name = Release;
		};
		5352DFB0219A9CD60086B2BE /* Debug */ = {
			isa = XCBuildConfiguration;
			buildSettings = {
				ASSETCATALOG_COMPILER_APPICON_NAME = AppIcon;
				CODE_SIGN_STYLE = Automatic;
				DEVELOPMENT_TEAM = 79752NZG5B;
				INFOPLIST_FILE = "$(SRCROOT)/DailyChecklist/Supporting FIles/Info.plist";
				LD_RUNPATH_SEARCH_PATHS = (
					"$(inherited)",
					"@executable_path/Frameworks",
				);
				PRODUCT_BUNDLE_IDENTIFIER = shubhambakshi.DailyChecklist;
				PRODUCT_NAME = "$(TARGET_NAME)";
				SWIFT_VERSION = 4.2;
				TARGETED_DEVICE_FAMILY = "1,2";
			};
			name = Debug;
		};
		5352DFB1219A9CD60086B2BE /* Release */ = {
			isa = XCBuildConfiguration;
			buildSettings = {
				ASSETCATALOG_COMPILER_APPICON_NAME = AppIcon;
				CODE_SIGN_STYLE = Automatic;
				DEVELOPMENT_TEAM = 79752NZG5B;
				INFOPLIST_FILE = "$(SRCROOT)/DailyChecklist/Supporting FIles/Info.plist";
				LD_RUNPATH_SEARCH_PATHS = (
					"$(inherited)",
					"@executable_path/Frameworks",
				);
				PRODUCT_BUNDLE_IDENTIFIER = shubhambakshi.DailyChecklist;
				PRODUCT_NAME = "$(TARGET_NAME)";
				SWIFT_VERSION = 4.2;
				TARGETED_DEVICE_FAMILY = "1,2";
			};
			name = Release;
		};
		5352DFB3219A9CD60086B2BE /* Debug */ = {
			isa = XCBuildConfiguration;
			buildSettings = {
				ALWAYS_EMBED_SWIFT_STANDARD_LIBRARIES = YES;
				BUNDLE_LOADER = "$(TEST_HOST)";
				CODE_SIGN_STYLE = Automatic;
				INFOPLIST_FILE = DailyChecklistTests/Info.plist;
				LD_RUNPATH_SEARCH_PATHS = (
					"$(inherited)",
					"@executable_path/Frameworks",
					"@loader_path/Frameworks",
				);
				PRODUCT_BUNDLE_IDENTIFIER = shubhambakshi.DailyChecklistTests;
				PRODUCT_NAME = "$(TARGET_NAME)";
				SWIFT_VERSION = 4.2;
				TARGETED_DEVICE_FAMILY = "1,2";
				TEST_HOST = "$(BUILT_PRODUCTS_DIR)/DailyChecklist.app/DailyChecklist";
			};
			name = Debug;
		};
		5352DFB4219A9CD60086B2BE /* Release */ = {
			isa = XCBuildConfiguration;
			buildSettings = {
				ALWAYS_EMBED_SWIFT_STANDARD_LIBRARIES = YES;
				BUNDLE_LOADER = "$(TEST_HOST)";
				CODE_SIGN_STYLE = Automatic;
				INFOPLIST_FILE = DailyChecklistTests/Info.plist;
				LD_RUNPATH_SEARCH_PATHS = (
					"$(inherited)",
					"@executable_path/Frameworks",
					"@loader_path/Frameworks",
				);
				PRODUCT_BUNDLE_IDENTIFIER = shubhambakshi.DailyChecklistTests;
				PRODUCT_NAME = "$(TARGET_NAME)";
				SWIFT_VERSION = 4.2;
				TARGETED_DEVICE_FAMILY = "1,2";
				TEST_HOST = "$(BUILT_PRODUCTS_DIR)/DailyChecklist.app/DailyChecklist";
			};
			name = Release;
		};
		5352DFB6219A9CD60086B2BE /* Debug */ = {
			isa = XCBuildConfiguration;
			buildSettings = {
				ALWAYS_EMBED_SWIFT_STANDARD_LIBRARIES = YES;
				CODE_SIGN_STYLE = Automatic;
				INFOPLIST_FILE = DailyChecklistUITests/Info.plist;
				LD_RUNPATH_SEARCH_PATHS = (
					"$(inherited)",
					"@executable_path/Frameworks",
					"@loader_path/Frameworks",
				);
				PRODUCT_BUNDLE_IDENTIFIER = shubhambakshi.DailyChecklistUITests;
				PRODUCT_NAME = "$(TARGET_NAME)";
				SWIFT_VERSION = 4.2;
				TARGETED_DEVICE_FAMILY = "1,2";
				TEST_TARGET_NAME = DailyChecklist;
			};
			name = Debug;
		};
		5352DFB7219A9CD60086B2BE /* Release */ = {
			isa = XCBuildConfiguration;
			buildSettings = {
				ALWAYS_EMBED_SWIFT_STANDARD_LIBRARIES = YES;
				CODE_SIGN_STYLE = Automatic;
				INFOPLIST_FILE = DailyChecklistUITests/Info.plist;
				LD_RUNPATH_SEARCH_PATHS = (
					"$(inherited)",
					"@executable_path/Frameworks",
					"@loader_path/Frameworks",
				);
				PRODUCT_BUNDLE_IDENTIFIER = shubhambakshi.DailyChecklistUITests;
				PRODUCT_NAME = "$(TARGET_NAME)";
				SWIFT_VERSION = 4.2;
				TARGETED_DEVICE_FAMILY = "1,2";
				TEST_TARGET_NAME = DailyChecklist;
			};
			name = Release;
		};
/* End XCBuildConfiguration section */

/* Begin XCConfigurationList section */
		5352DF7F219A9CD10086B2BE /* Build configuration list for PBXProject "DailyChecklist" */ = {
			isa = XCConfigurationList;
			buildConfigurations = (
				5352DFAD219A9CD60086B2BE /* Debug */,
				5352DFAE219A9CD60086B2BE /* Release */,
			);
			defaultConfigurationIsVisible = 0;
			defaultConfigurationName = Release;
		};
		5352DFAF219A9CD60086B2BE /* Build configuration list for PBXNativeTarget "DailyChecklist" */ = {
			isa = XCConfigurationList;
			buildConfigurations = (
				5352DFB0219A9CD60086B2BE /* Debug */,
				5352DFB1219A9CD60086B2BE /* Release */,
			);
			defaultConfigurationIsVisible = 0;
			defaultConfigurationName = Release;
		};
		5352DFB2219A9CD60086B2BE /* Build configuration list for PBXNativeTarget "DailyChecklistTests" */ = {
			isa = XCConfigurationList;
			buildConfigurations = (
				5352DFB3219A9CD60086B2BE /* Debug */,
				5352DFB4219A9CD60086B2BE /* Release */,
			);
			defaultConfigurationIsVisible = 0;
			defaultConfigurationName = Release;
		};
		5352DFB5219A9CD60086B2BE /* Build configuration list for PBXNativeTarget "DailyChecklistUITests" */ = {
			isa = XCConfigurationList;
			buildConfigurations = (
				5352DFB6219A9CD60086B2BE /* Debug */,
				5352DFB7219A9CD60086B2BE /* Release */,
			);
			defaultConfigurationIsVisible = 0;
			defaultConfigurationName = Release;
		};
/* End XCConfigurationList section */

/* Begin XCVersionGroup section */
		5352DF8E219A9CD10086B2BE /* DailyChecklist.xcdatamodeld */ = {
			isa = XCVersionGroup;
			children = (
				5352DF8F219A9CD10086B2BE /* DailyChecklist.xcdatamodel */,
			);
			currentVersion = 5352DF8F219A9CD10086B2BE /* DailyChecklist.xcdatamodel */;
			path = DailyChecklist.xcdatamodeld;
			sourceTree = "<group>";
			versionGroupType = wrapper.xcdatamodel;
		};
/* End XCVersionGroup section */
	};
	rootObject = 5352DF7C219A9CD10086B2BE /* Project object */;
}
